
Microsoft Visual Studio Solution File, Format Version 12.00
# Visual Studio Version 17
VisualStudioVersion = 17.13.35825.156 d17.13
MinimumVisualStudioVersion = 10.0.40219.1
Project("{FAE04EC0-301F-11D3-BF4B-00C04F79EFBC}") = "Exercices_LesFormes_ConsoleAPP", "Exercices_LesFormes_ConsoleAPP\Exercices_LesFormes_ConsoleAPP.csproj", "{F29A7B79-E17F-4D9B-9F8D-4729617EA9EF}"
EndProject
Global
	GlobalSection(SolutionConfigurationPlatforms) = preSolution
		Debug|Any CPU = Debug|Any CPU
		Release|Any CPU = Release|Any CPU
	EndGlobalSection
	GlobalSection(ProjectConfigurationPlatforms) = postSolution
		{F29A7B79-E17F-4D9B-9F8D-4729617EA9EF}.Debug|Any CPU.ActiveCfg = Debug|Any CPU
		{F29A7B79-E17F-4D9B-9F8D-4729617EA9EF}.Debug|Any CPU.Build.0 = Debug|Any CPU
		{F29A7B79-E17F-4D9B-9F8D-4729617EA9EF}.Release|Any CPU.ActiveCfg = Release|Any CPU
		{F29A7B79-E17F-4D9B-9F8D-4729617EA9EF}.Release|Any CPU.Build.0 = Release|Any CPU
	EndGlobalSection
	GlobalSection(SolutionProperties) = preSolution
		HideSolutionNode = FALSE
	EndGlobalSection
	GlobalSection(ExtensibilityGlobals) = postSolution
		SolutionGuid = {80995D00-C5CC-4F10-AC94-E28768CBCC59}
	EndGlobalSection
EndGlobal
